
Microsoft Visual Studio Solution File, Format Version 12.00
# Visual Studio 15
VisualStudioVersion = 15.0.27703.2018
MinimumVisualStudioVersion = 10.0.40219.1
Project("{FAE04EC0-301F-11D3-BF4B-00C04F79EFBC}") = "H4MHCEditor", "H4MHCEditor\H4MHCEditor.csproj", "{54DB9AFA-14E0-43FC-A594-393002D1EDEE}"
EndProject
Global
	GlobalSection(SolutionConfigurationPlatforms) = preSolution
		Debug|Any CPU = Debug|Any CPU
		Release|Any CPU = Release|Any CPU
	EndGlobalSection
	GlobalSection(ProjectConfigurationPlatforms) = postSolution
		{54DB9AFA-14E0-43FC-A594-393002D1EDEE}.Debug|Any CPU.ActiveCfg = Debug|Any CPU
		{54DB9AFA-14E0-43FC-A594-393002D1EDEE}.Debug|Any CPU.Build.0 = Debug|Any CPU
		{54DB9AFA-14E0-43FC-A594-393002D1EDEE}.Release|Any CPU.ActiveCfg = Release|Any CPU
		{54DB9AFA-14E0-43FC-A594-393002D1EDEE}.Release|Any CPU.Build.0 = Release|Any CPU
	EndGlobalSection
	GlobalSection(SolutionProperties) = preSolution
		HideSolutionNode = FALSE
	EndGlobalSection
	GlobalSection(ExtensibilityGlobals) = postSolution
		SolutionGuid = {7D6CA1CB-1CDC-4BAE-9C87-3CFB585A7C67}
	EndGlobalSection
EndGlobal
